{
  "pins" : [
    {
      "identity" : "delaunayswift",
      "kind" : "remoteSourceControl",
      "location" : "https://github.com/AlexLittlejohn/DelaunaySwift.git",
      "state" : {
        "revision" : "5738c6a3b140d990a5dd89fe50d0cae933268bda",
        "version" : "1.0.0"
      }
    },
    {
      "identity" : "swift-docc-plugin",
      "kind" : "remoteSourceControl",
      "location" : "https://github.com/apple/swift-docc-plugin",
      "state" : {
        "revision" : "d1691545d53581400b1de9b0472d45eb25c19fed",
        "version" : "1.4.4"
      }
    },
    {
      "identity" : "swift-docc-symbolkit",
      "kind" : "remoteSourceControl",
      "location" : "https://github.com/swiftlang/swift-docc-symbolkit",
      "state" : {
        "revision" : "b45d1f2ed151d057b54504d653e0da5552844e34",
        "version" : "1.0.0"
      }
    },
    {
      "identity" : "swiftsimplify",
      "kind" : "remoteSourceControl",
      "location" : "https://github.com/malcommac/SwiftSimplify.git",
      "state" : {
        "revision" : "d4cbe1889c7b650b4753d1ec681e9967588995f7",
        "version" : "1.1.1"
      }
    }
  ],
  "version" : 2
}
