// !$*UTF8*$!
{
	archiveVersion = 1;
	classes = {
	};
	objectVersion = 60;
	objects = {

/* Begin PBXBuildFile section */
		414D7F622E007D3600999B62 /* nav_test.bin in Resources */ = {isa = PBXBuildFile; fileRef = 414D7F612E007D3600999B62 /* nav_test.bin */; };
		414D7F642E007FFB00999B62 /* navmeshWithIssues.bin in Resources */ = {isa = PBXBuildFile; fileRef = 414D7F632E007FFB00999B62 /* navmeshWithIssues.bin */; };
		414D7F662E00847C00999B62 /* navmesh_16byte.bin in Resources */ = {isa = PBXBuildFile; fileRef = 414D7F652E00847C00999B62 /* navmesh_16byte.bin */; };
		414DBD222E030B8700B3A142 /* GeometryTester.swift in Sources */ = {isa = PBXBuildFile; fileRef = 414DBD212E030B7E00B3A142 /* GeometryTester.swift */; };
		414DBD262E032EAC00B3A142 /* plane.bin in Resources */ = {isa = PBXBuildFile; fileRef = 414DBD252E032EAC00B3A142 /* plane.bin */; };
		414DBD282E03362A00B3A142 /* plane.usdz in Resources */ = {isa = PBXBuildFile; fileRef = 414DBD272E03362A00B3A142 /* plane.usdz */; };
		414DBD2A2E033F5300B3A142 /* plane2.bin in Resources */ = {isa = PBXBuildFile; fileRef = 414DBD292E033F5300B3A142 /* plane2.bin */; };
		4163C9402E00A160001CA143 /* navmesh_12byte.bin in Resources */ = {isa = PBXBuildFile; fileRef = 4163C93F2E00A160001CA143 /* navmesh_12byte.bin */; };
		4172BB932E0724FA0046C176 /* SwiftNavigation in Frameworks */ = {isa = PBXBuildFile; productRef = 4172BB922E0724FA0046C176 /* SwiftNavigation */; };
		4172BB952E076FC60046C176 /* splat_rgba.png in Resources */ = {isa = PBXBuildFile; fileRef = 4172BB942E076FC60046C176 /* splat_rgba.png */; };
		4172BB9A2E084ACE0046C176 /* CrowdTester.swift in Sources */ = {isa = PBXBuildFile; fileRef = 4172BB992E084ACE0046C176 /* CrowdTester.swift */; };
		4172BB9C2E084D8A0046C176 /* foothill.obj in Resources */ = {isa = PBXBuildFile; fileRef = 4172BB9B2E084D8A0046C176 /* foothill.obj */; };
		4172BB9E2E088B4E0046C176 /* NavMeshGenerator.swift in Sources */ = {isa = PBXBuildFile; fileRef = 4172BB9D2E088B490046C176 /* NavMeshGenerator.swift */; };
		4172BBA22E08D8D50046C176 /* splatBlue.obj in Resources */ = {isa = PBXBuildFile; fileRef = 4172BBA12E08D8D50046C176 /* splatBlue.obj */; };
		4172BBA42E08FDEB0046C176 /* splatRed.obj in Resources */ = {isa = PBXBuildFile; fileRef = 4172BBA32E08FDEB0046C176 /* splatRed.obj */; };
		4172BBA62E09CE1A0046C176 /* CustomConfig.swift in Sources */ = {isa = PBXBuildFile; fileRef = 4172BBA52E09CE120046C176 /* CustomConfig.swift */; };
		4172BBA82E0A44F30046C176 /* plane_hill.obj in Resources */ = {isa = PBXBuildFile; fileRef = 4172BBA72E0A44F30046C176 /* plane_hill.obj */; };
		4172BBAC2E0A47600046C176 /* plane_hill_USDZ.usdz in Resources */ = {isa = PBXBuildFile; fileRef = 4172BBAB2E0A47600046C176 /* plane_hill_USDZ.usdz */; };
		4172BBAE2E0A559E0046C176 /* foothillUSDZ_centered.usdz in Resources */ = {isa = PBXBuildFile; fileRef = 4172BBAD2E0A559E0046C176 /* foothillUSDZ_centered.usdz */; };
		4172BBB02E0A59940046C176 /* imageRotattion.swift in Sources */ = {isa = PBXBuildFile; fileRef = 4172BBAF2E0A598C0046C176 /* imageRotattion.swift */; };
		4172BBB22E0B3FD80046C176 /* PathVisualizer.swift in Sources */ = {isa = PBXBuildFile; fileRef = 4172BBB12E0B3FD70046C176 /* PathVisualizer.swift */; };
		4182F50B2E05C9450053D065 /* SplatTester.swift in Sources */ = {isa = PBXBuildFile; fileRef = 4182F50A2E05C93C0053D065 /* SplatTester.swift */; };
		4182F50D2E05D6E20053D065 /* SplatMeshVisualizer.swift in Sources */ = {isa = PBXBuildFile; fileRef = 4182F50C2E05D6D40053D065 /* SplatMeshVisualizer.swift */; };
		4192045C2E05F9C800C46304 /* splat_greyscale.png in Resources */ = {isa = PBXBuildFile; fileRef = 4192045B2E05F9C800C46304 /* splat_greyscale.png */; };
		4192045E2E05FD1400C46304 /* splat_greyscale_4m.png in Resources */ = {isa = PBXBuildFile; fileRef = 4192045D2E05FD1400C46304 /* splat_greyscale_4m.png */; };
		419204602E05FE0500C46304 /* splat_rgba_small.png in Resources */ = {isa = PBXBuildFile; fileRef = 4192045F2E05FE0500C46304 /* splat_rgba_small.png */; };
		419204622E0618F800C46304 /* foothillUSDZ.usdz in Resources */ = {isa = PBXBuildFile; fileRef = 419204612E0618F800C46304 /* foothillUSDZ.usdz */; };
		41E36E182E0536A7004C6058 /* planeSmall.obj in Resources */ = {isa = PBXBuildFile; fileRef = 41E36E172E0536A7004C6058 /* planeSmall.obj */; };
		41E36E1A2E0536C3004C6058 /* plane.obj in Resources */ = {isa = PBXBuildFile; fileRef = 41E36E192E0536C3004C6058 /* plane.obj */; };
		41E36E1C2E0536FD004C6058 /* CustomAreaTester.swift in Sources */ = {isa = PBXBuildFile; fileRef = 41E36E1B2E0536F1004C6058 /* CustomAreaTester.swift */; };
		41E36E1F2E053764004C6058 /* LoadTester.swift in Sources */ = {isa = PBXBuildFile; fileRef = 41E36E1E2E05373F004C6058 /* LoadTester.swift */; };
		41E36E222E053A14004C6058 /* NavMeshVisualizer.swift in Sources */ = {isa = PBXBuildFile; fileRef = 41E36E212E053A14004C6058 /* NavMeshVisualizer.swift */; };
		41E36E252E0541D1004C6058 /* planeLarge.obj in Resources */ = {isa = PBXBuildFile; fileRef = 41E36E242E0541D1004C6058 /* planeLarge.obj */; };
		4901C6662AB4F65F00FBDBF4 /* RealityKitContent in Frameworks */ = {isa = PBXBuildFile; productRef = 4901C6652AB4F65F00FBDBF4 /* RealityKitContent */; };
		4901C6682AB4F65F00FBDBF4 /* NavMeshDemoApp.swift in Sources */ = {isa = PBXBuildFile; fileRef = 4901C6672AB4F65F00FBDBF4 /* NavMeshDemoApp.swift */; };
		4901C66A2AB4F65F00FBDBF4 /* ContentView.swift in Sources */ = {isa = PBXBuildFile; fileRef = 4901C6692AB4F65F00FBDBF4 /* ContentView.swift */; };
		4901C66C2AB4F65F00FBDBF4 /* ImmersiveView.swift in Sources */ = {isa = PBXBuildFile; fileRef = 4901C66B2AB4F65F00FBDBF4 /* ImmersiveView.swift */; };
		4901C66E2AB4F66000FBDBF4 /* Assets.xcassets in Resources */ = {isa = PBXBuildFile; fileRef = 4901C66D2AB4F66000FBDBF4 /* Assets.xcassets */; };
		4901C6712AB4F66000FBDBF4 /* Preview Assets.xcassets in Resources */ = {isa = PBXBuildFile; fileRef = 4901C6702AB4F66000FBDBF4 /* Preview Assets.xcassets */; };
		4901C67C2AB4F8A600FBDBF4 /* FakeRandom.swift in Sources */ = {isa = PBXBuildFile; fileRef = 4901C67B2AB4F8A600FBDBF4 /* FakeRandom.swift */; };
		4901C6812AB4F9E500FBDBF4 /* dungeon.obj in Resources */ = {isa = PBXBuildFile; fileRef = 4901C67E2AB4F9E500FBDBF4 /* dungeon.obj */; };
		4901C6822AB4F9E500FBDBF4 /* nav_test.obj in Resources */ = {isa = PBXBuildFile; fileRef = 4901C67F2AB4F9E500FBDBF4 /* nav_test.obj */; };
		4901C6832AB4F9E500FBDBF4 /* undulating.obj in Resources */ = {isa = PBXBuildFile; fileRef = 4901C6802AB4F9E500FBDBF4 /* undulating.obj */; };
/* End PBXBuildFile section */

/* Begin PBXFileReference section */
		410875F22E006F3A00FC5A3D /* SwiftNavigation */ = {isa = PBXFileReference; lastKnownFileType = wrapper; name = SwiftNavigation; path = /Users/nata/GitHub/NexTaleLibraries/SwiftNavigation/SwiftNavigation; sourceTree = "<absolute>"; };
		414D7F612E007D3600999B62 /* nav_test.bin */ = {isa = PBXFileReference; lastKnownFileType = archive.macbinary; path = nav_test.bin; sourceTree = "<group>"; };
		414D7F632E007FFB00999B62 /* navmeshWithIssues.bin */ = {isa = PBXFileReference; lastKnownFileType = archive.macbinary; path = navmeshWithIssues.bin; sourceTree = "<group>"; };
		414D7F652E00847C00999B62 /* navmesh_16byte.bin */ = {isa = PBXFileReference; lastKnownFileType = archive.macbinary; path = navmesh_16byte.bin; sourceTree = "<group>"; };
		414DBD212E030B7E00B3A142 /* GeometryTester.swift */ = {isa = PBXFileReference; lastKnownFileType = sourcecode.swift; path = GeometryTester.swift; sourceTree = "<group>"; };
		414DBD252E032EAC00B3A142 /* plane.bin */ = {isa = PBXFileReference; lastKnownFileType = archive.macbinary; path = plane.bin; sourceTree = "<group>"; };
		414DBD272E03362A00B3A142 /* plane.usdz */ = {isa = PBXFileReference; lastKnownFileType = file; path = plane.usdz; sourceTree = "<group>"; };
		414DBD292E033F5300B3A142 /* plane2.bin */ = {isa = PBXFileReference; lastKnownFileType = archive.macbinary; path = plane2.bin; sourceTree = "<group>"; };
		4163C93F2E00A160001CA143 /* navmesh_12byte.bin */ = {isa = PBXFileReference; lastKnownFileType = archive.macbinary; path = navmesh_12byte.bin; sourceTree = "<group>"; };
		4172BB942E076FC60046C176 /* splat_rgba.png */ = {isa = PBXFileReference; lastKnownFileType = image.png; path = splat_rgba.png; sourceTree = "<group>"; };
		4172BB992E084ACE0046C176 /* CrowdTester.swift */ = {isa = PBXFileReference; lastKnownFileType = sourcecode.swift; path = CrowdTester.swift; sourceTree = "<group>"; };
		4172BB9B2E084D8A0046C176 /* foothill.obj */ = {isa = PBXFileReference; lastKnownFileType = text; path = foothill.obj; sourceTree = "<group>"; };
		4172BB9D2E088B490046C176 /* NavMeshGenerator.swift */ = {isa = PBXFileReference; lastKnownFileType = sourcecode.swift; path = NavMeshGenerator.swift; sourceTree = "<group>"; };
		4172BBA12E08D8D50046C176 /* splatBlue.obj */ = {isa = PBXFileReference; lastKnownFileType = text; path = splatBlue.obj; sourceTree = "<group>"; };
		4172BBA32E08FDEB0046C176 /* splatRed.obj */ = {isa = PBXFileReference; lastKnownFileType = text; path = splatRed.obj; sourceTree = "<group>"; };
		4172BBA52E09CE120046C176 /* CustomConfig.swift */ = {isa = PBXFileReference; lastKnownFileType = sourcecode.swift; path = CustomConfig.swift; sourceTree = "<group>"; };
		4172BBA72E0A44F30046C176 /* plane_hill.obj */ = {isa = PBXFileReference; lastKnownFileType = text; path = plane_hill.obj; sourceTree = "<group>"; };
		4172BBAB2E0A47600046C176 /* plane_hill_USDZ.usdz */ = {isa = PBXFileReference; lastKnownFileType = file; path = plane_hill_USDZ.usdz; sourceTree = "<group>"; };
		4172BBAD2E0A559E0046C176 /* foothillUSDZ_centered.usdz */ = {isa = PBXFileReference; lastKnownFileType = file; path = foothillUSDZ_centered.usdz; sourceTree = "<group>"; };
		4172BBAF2E0A598C0046C176 /* imageRotattion.swift */ = {isa = PBXFileReference; lastKnownFileType = sourcecode.swift; path = imageRotattion.swift; sourceTree = "<group>"; };
		4172BBB12E0B3FD70046C176 /* PathVisualizer.swift */ = {isa = PBXFileReference; lastKnownFileType = sourcecode.swift; path = PathVisualizer.swift; sourceTree = "<group>"; };
		4182F50A2E05C93C0053D065 /* SplatTester.swift */ = {isa = PBXFileReference; lastKnownFileType = sourcecode.swift; path = SplatTester.swift; sourceTree = "<group>"; };
		4182F50C2E05D6D40053D065 /* SplatMeshVisualizer.swift */ = {isa = PBXFileReference; lastKnownFileType = sourcecode.swift; path = SplatMeshVisualizer.swift; sourceTree = "<group>"; };
		4192045B2E05F9C800C46304 /* splat_greyscale.png */ = {isa = PBXFileReference; lastKnownFileType = image.png; path = splat_greyscale.png; sourceTree = "<group>"; };
		4192045D2E05FD1400C46304 /* splat_greyscale_4m.png */ = {isa = PBXFileReference; lastKnownFileType = image.png; path = splat_greyscale_4m.png; sourceTree = "<group>"; };
		4192045F2E05FE0500C46304 /* splat_rgba_small.png */ = {isa = PBXFileReference; lastKnownFileType = image.png; path = splat_rgba_small.png; sourceTree = "<group>"; };
		419204612E0618F800C46304 /* foothillUSDZ.usdz */ = {isa = PBXFileReference; lastKnownFileType = file; path = foothillUSDZ.usdz; sourceTree = "<group>"; };
		41E36E172E0536A7004C6058 /* planeSmall.obj */ = {isa = PBXFileReference; lastKnownFileType = text; path = planeSmall.obj; sourceTree = "<group>"; };
		41E36E192E0536C3004C6058 /* plane.obj */ = {isa = PBXFileReference; lastKnownFileType = text; path = plane.obj; sourceTree = "<group>"; };
		41E36E1B2E0536F1004C6058 /* CustomAreaTester.swift */ = {isa = PBXFileReference; lastKnownFileType = sourcecode.swift; path = CustomAreaTester.swift; sourceTree = "<group>"; };
		41E36E1E2E05373F004C6058 /* LoadTester.swift */ = {isa = PBXFileReference; lastKnownFileType = sourcecode.swift; path = LoadTester.swift; sourceTree = "<group>"; };
		41E36E212E053A14004C6058 /* NavMeshVisualizer.swift */ = {isa = PBXFileReference; lastKnownFileType = sourcecode.swift; path = NavMeshVisualizer.swift; sourceTree = "<group>"; };
		41E36E242E0541D1004C6058 /* planeLarge.obj */ = {isa = PBXFileReference; lastKnownFileType = text; path = planeLarge.obj; sourceTree = "<group>"; };
		4901C6602AB4F65F00FBDBF4 /* NavMeshDemo.app */ = {isa = PBXFileReference; explicitFileType = wrapper.application; includeInIndex = 0; path = NavMeshDemo.app; sourceTree = BUILT_PRODUCTS_DIR; };
		4901C6642AB4F65F00FBDBF4 /* RealityKitContent */ = {isa = PBXFileReference; lastKnownFileType = wrapper; path = RealityKitContent; sourceTree = "<group>"; };
		4901C6672AB4F65F00FBDBF4 /* NavMeshDemoApp.swift */ = {isa = PBXFileReference; lastKnownFileType = sourcecode.swift; path = NavMeshDemoApp.swift; sourceTree = "<group>"; };
		4901C6692AB4F65F00FBDBF4 /* ContentView.swift */ = {isa = PBXFileReference; lastKnownFileType = sourcecode.swift; path = ContentView.swift; sourceTree = "<group>"; };
		4901C66B2AB4F65F00FBDBF4 /* ImmersiveView.swift */ = {isa = PBXFileReference; lastKnownFileType = sourcecode.swift; path = ImmersiveView.swift; sourceTree = "<group>"; };
		4901C66D2AB4F66000FBDBF4 /* Assets.xcassets */ = {isa = PBXFileReference; lastKnownFileType = folder.assetcatalog; path = Assets.xcassets; sourceTree = "<group>"; };
		4901C6702AB4F66000FBDBF4 /* Preview Assets.xcassets */ = {isa = PBXFileReference; lastKnownFileType = folder.assetcatalog; path = "Preview Assets.xcassets"; sourceTree = "<group>"; };
		4901C6722AB4F66000FBDBF4 /* Info.plist */ = {isa = PBXFileReference; lastKnownFileType = text.plist.xml; path = Info.plist; sourceTree = "<group>"; };
		4901C67B2AB4F8A600FBDBF4 /* FakeRandom.swift */ = {isa = PBXFileReference; lastKnownFileType = sourcecode.swift; path = FakeRandom.swift; sourceTree = "<group>"; };
		4901C67E2AB4F9E500FBDBF4 /* dungeon.obj */ = {isa = PBXFileReference; fileEncoding = 4; lastKnownFileType = text; name = dungeon.obj; path = ../../../recastnavigation/RecastDemo/Bin/Meshes/dungeon.obj; sourceTree = "<group>"; };
		4901C67F2AB4F9E500FBDBF4 /* nav_test.obj */ = {isa = PBXFileReference; fileEncoding = 4; lastKnownFileType = text; name = nav_test.obj; path = ../../../recastnavigation/RecastDemo/Bin/Meshes/nav_test.obj; sourceTree = "<group>"; };
		4901C6802AB4F9E500FBDBF4 /* undulating.obj */ = {isa = PBXFileReference; fileEncoding = 4; lastKnownFileType = text; name = undulating.obj; path = ../../../recastnavigation/RecastDemo/Bin/Meshes/undulating.obj; sourceTree = "<group>"; };
/* End PBXFileReference section */

/* Begin PBXFrameworksBuildPhase section */
		4901C65D2AB4F65F00FBDBF4 /* Frameworks */ = {
			isa = PBXFrameworksBuildPhase;
			buildActionMask = 2147483647;
			files = (
				4172BB932E0724FA0046C176 /* SwiftNavigation in Frameworks */,
				4901C6662AB4F65F00FBDBF4 /* RealityKitContent in Frameworks */,
			);
			runOnlyForDeploymentPostprocessing = 0;
		};
/* End PBXFrameworksBuildPhase section */

/* Begin PBXGroup section */
		410875F32E00733600FC5A3D /* Frameworks */ = {
			isa = PBXGroup;
			children = (
			);
			name = Frameworks;
			sourceTree = "<group>";
		};
		41E36E1D2E053708004C6058 /* Testers */ = {
			isa = PBXGroup;
			children = (
				4172BBA52E09CE120046C176 /* CustomConfig.swift */,
				4172BB9D2E088B490046C176 /* NavMeshGenerator.swift */,
				4172BB992E084ACE0046C176 /* CrowdTester.swift */,
				4182F50A2E05C93C0053D065 /* SplatTester.swift */,
				41E36E1E2E05373F004C6058 /* LoadTester.swift */,
				41E36E1B2E0536F1004C6058 /* CustomAreaTester.swift */,
				414DBD212E030B7E00B3A142 /* GeometryTester.swift */,
				41E36E202E053A00004C6058 /* Visualizer */,
			);
			path = Testers;
			sourceTree = "<group>";
		};
		41E36E202E053A00004C6058 /* Visualizer */ = {
			isa = PBXGroup;
			children = (
				4172BBB12E0B3FD70046C176 /* PathVisualizer.swift */,
				4182F50C2E05D6D40053D065 /* SplatMeshVisualizer.swift */,
				41E36E212E053A14004C6058 /* NavMeshVisualizer.swift */,
			);
			path = Visualizer;
			sourceTree = "<group>";
		};
		41E36E232E053A57004C6058 /* Main */ = {
			isa = PBXGroup;
			children = (
				4901C6672AB4F65F00FBDBF4 /* NavMeshDemoApp.swift */,
				4901C6692AB4F65F00FBDBF4 /* ContentView.swift */,
				4901C66B2AB4F65F00FBDBF4 /* ImmersiveView.swift */,
			);
			path = Main;
			sourceTree = "<group>";
		};
		4901C6572AB4F65F00FBDBF4 = {
			isa = PBXGroup;
			children = (
				4901C6622AB4F65F00FBDBF4 /* NavMeshDemo */,
				4901C6632AB4F65F00FBDBF4 /* Packages */,
				410875F32E00733600FC5A3D /* Frameworks */,
				4901C6612AB4F65F00FBDBF4 /* Products */,
			);
			sourceTree = "<group>";
		};
		4901C6612AB4F65F00FBDBF4 /* Products */ = {
			isa = PBXGroup;
			children = (
				4901C6602AB4F65F00FBDBF4 /* NavMeshDemo.app */,
			);
			name = Products;
			sourceTree = "<group>";
		};
		4901C6622AB4F65F00FBDBF4 /* NavMeshDemo */ = {
			isa = PBXGroup;
			children = (
				41E36E232E053A57004C6058 /* Main */,
				4901C67D2AB4F9C700FBDBF4 /* Data */,
				41E36E1D2E053708004C6058 /* Testers */,
				4901C6782AB4F84A00FBDBF4 /* Utilities */,
				4901C66D2AB4F66000FBDBF4 /* Assets.xcassets */,
				4901C6722AB4F66000FBDBF4 /* Info.plist */,
				4901C66F2AB4F66000FBDBF4 /* Preview Content */,
			);
			path = NavMeshDemo;
			sourceTree = "<group>";
		};
		4901C6632AB4F65F00FBDBF4 /* Packages */ = {
			isa = PBXGroup;
			children = (
				410875F22E006F3A00FC5A3D /* SwiftNavigation */,
				4901C6642AB4F65F00FBDBF4 /* RealityKitContent */,
			);
			path = Packages;
			sourceTree = "<group>";
		};
		4901C66F2AB4F66000FBDBF4 /* Preview Content */ = {
			isa = PBXGroup;
			children = (
				4901C6702AB4F66000FBDBF4 /* Preview Assets.xcassets */,
			);
			path = "Preview Content";
			sourceTree = "<group>";
		};
		4901C6782AB4F84A00FBDBF4 /* Utilities */ = {
			isa = PBXGroup;
			children = (
				4172BBAF2E0A598C0046C176 /* imageRotattion.swift */,
				4901C67B2AB4F8A600FBDBF4 /* FakeRandom.swift */,
			);
			path = Utilities;
			sourceTree = "<group>";
		};
		4901C67D2AB4F9C700FBDBF4 /* Data */ = {
			isa = PBXGroup;
			children = (
				419204612E0618F800C46304 /* foothillUSDZ.usdz */,
				4172BBA32E08FDEB0046C176 /* splatRed.obj */,
				4192045D2E05FD1400C46304 /* splat_greyscale_4m.png */,
				4172BB942E076FC60046C176 /* splat_rgba.png */,
				4172BBAB2E0A47600046C176 /* plane_hill_USDZ.usdz */,
				4172BBA12E08D8D50046C176 /* splatBlue.obj */,
				4172BBA72E0A44F30046C176 /* plane_hill.obj */,
				41E36E242E0541D1004C6058 /* planeLarge.obj */,
				4192045F2E05FE0500C46304 /* splat_rgba_small.png */,
				414DBD272E03362A00B3A142 /* plane.usdz */,
				414DBD292E033F5300B3A142 /* plane2.bin */,
				414DBD252E032EAC00B3A142 /* plane.bin */,
				41E36E172E0536A7004C6058 /* planeSmall.obj */,
				4163C93F2E00A160001CA143 /* navmesh_12byte.bin */,
				414D7F652E00847C00999B62 /* navmesh_16byte.bin */,
				414D7F612E007D3600999B62 /* nav_test.bin */,
				414D7F632E007FFB00999B62 /* navmeshWithIssues.bin */,
				4172BB9B2E084D8A0046C176 /* foothill.obj */,
				41E36E192E0536C3004C6058 /* plane.obj */,
				4901C67E2AB4F9E500FBDBF4 /* dungeon.obj */,
				4172BBAD2E0A559E0046C176 /* foothillUSDZ_centered.usdz */,
				4901C67F2AB4F9E500FBDBF4 /* nav_test.obj */,
				4901C6802AB4F9E500FBDBF4 /* undulating.obj */,
				4192045B2E05F9C800C46304 /* splat_greyscale.png */,
			);
			path = Data;
			sourceTree = "<group>";
		};
/* End PBXGroup section */

/* Begin PBXNativeTarget section */
		4901C65F2AB4F65F00FBDBF4 /* NavMeshDemo */ = {
			isa = PBXNativeTarget;
			buildConfigurationList = 4901C6752AB4F66000FBDBF4 /* Build configuration list for PBXNativeTarget "NavMeshDemo" */;
			buildPhases = (
				4901C65C2AB4F65F00FBDBF4 /* Sources */,
				4901C65D2AB4F65F00FBDBF4 /* Frameworks */,
				4901C65E2AB4F65F00FBDBF4 /* Resources */,
			);
			buildRules = (
			);
			dependencies = (
			);
			name = NavMeshDemo;
			packageProductDependencies = (
				4901C6652AB4F65F00FBDBF4 /* RealityKitContent */,
				4172BB922E0724FA0046C176 /* SwiftNavigation */,
			);
			productName = NavMeshDemo;
			productReference = 4901C6602AB4F65F00FBDBF4 /* NavMeshDemo.app */;
			productType = "com.apple.product-type.application";
		};
/* End PBXNativeTarget section */

/* Begin PBXProject section */
		4901C6582AB4F65F00FBDBF4 /* Project object */ = {
			isa = PBXProject;
			attributes = {
				BuildIndependentTargetsInParallel = 1;
				LastSwiftUpdateCheck = 1500;
				LastUpgradeCheck = 1500;
				TargetAttributes = {
					4901C65F2AB4F65F00FBDBF4 = {
						CreatedOnToolsVersion = 15.0;
					};
				};
			};
			buildConfigurationList = 4901C65B2AB4F65F00FBDBF4 /* Build configuration list for PBXProject "NavMeshDemo" */;
			compatibilityVersion = "Xcode 14.0";
			developmentRegion = en;
			hasScannedForEncodings = 0;
			knownRegions = (
				en,
				Base,
			);
			mainGroup = 4901C6572AB4F65F00FBDBF4;
			packageReferences = (
				4172BB912E0724FA0046C176 /* XCLocalSwiftPackageReference "../../NexTaleLibraries/SwiftNavigation" */,
			);
			productRefGroup = 4901C6612AB4F65F00FBDBF4 /* Products */;
			projectDirPath = "";
			projectRoot = "";
			targets = (
				4901C65F2AB4F65F00FBDBF4 /* NavMeshDemo */,
			);
		};
/* End PBXProject section */

/* Begin PBXResourcesBuildPhase section */
		4901C65E2AB4F65F00FBDBF4 /* Resources */ = {
			isa = PBXResourcesBuildPhase;
			buildActionMask = 2147483647;
			files = (
				414DBD262E032EAC00B3A142 /* plane.bin in Resources */,
				414DBD282E03362A00B3A142 /* plane.usdz in Resources */,
				41E36E1A2E0536C3004C6058 /* plane.obj in Resources */,
				4172BBAE2E0A559E0046C176 /* foothillUSDZ_centered.usdz in Resources */,
				41E36E252E0541D1004C6058 /* planeLarge.obj in Resources */,
				4901C6812AB4F9E500FBDBF4 /* dungeon.obj in Resources */,
				4172BBAC2E0A47600046C176 /* plane_hill_USDZ.usdz in Resources */,
				4172BB9C2E084D8A0046C176 /* foothill.obj in Resources */,
				4192045C2E05F9C800C46304 /* splat_greyscale.png in Resources */,
				4172BBA82E0A44F30046C176 /* plane_hill.obj in Resources */,
				4901C6832AB4F9E500FBDBF4 /* undulating.obj in Resources */,
				419204602E05FE0500C46304 /* splat_rgba_small.png in Resources */,
				4163C9402E00A160001CA143 /* navmesh_12byte.bin in Resources */,
				4901C6822AB4F9E500FBDBF4 /* nav_test.obj in Resources */,
				4192045E2E05FD1400C46304 /* splat_greyscale_4m.png in Resources */,
				4901C6712AB4F66000FBDBF4 /* Preview Assets.xcassets in Resources */,
				4172BB952E076FC60046C176 /* splat_rgba.png in Resources */,
				4901C66E2AB4F66000FBDBF4 /* Assets.xcassets in Resources */,
				419204622E0618F800C46304 /* foothillUSDZ.usdz in Resources */,
				41E36E182E0536A7004C6058 /* planeSmall.obj in Resources */,
				414D7F662E00847C00999B62 /* navmesh_16byte.bin in Resources */,
				414D7F622E007D3600999B62 /* nav_test.bin in Resources */,
				414D7F642E007FFB00999B62 /* navmeshWithIssues.bin in Resources */,
				4172BBA22E08D8D50046C176 /* splatBlue.obj in Resources */,
				4172BBA42E08FDEB0046C176 /* splatRed.obj in Resources */,
				414DBD2A2E033F5300B3A142 /* plane2.bin in Resources */,
			);
			runOnlyForDeploymentPostprocessing = 0;
		};
/* End PBXResourcesBuildPhase section */

/* Begin PBXSourcesBuildPhase section */
		4901C65C2AB4F65F00FBDBF4 /* Sources */ = {
			isa = PBXSourcesBuildPhase;
			buildActionMask = 2147483647;
			files = (
				4172BBA62E09CE1A0046C176 /* CustomConfig.swift in Sources */,
				4901C66A2AB4F65F00FBDBF4 /* ContentView.swift in Sources */,
				4172BB9A2E084ACE0046C176 /* CrowdTester.swift in Sources */,
				41E36E1F2E053764004C6058 /* LoadTester.swift in Sources */,
				4182F50B2E05C9450053D065 /* SplatTester.swift in Sources */,
				4901C6682AB4F65F00FBDBF4 /* NavMeshDemoApp.swift in Sources */,
				41E36E222E053A14004C6058 /* NavMeshVisualizer.swift in Sources */,
				4182F50D2E05D6E20053D065 /* SplatMeshVisualizer.swift in Sources */,
				41E36E1C2E0536FD004C6058 /* CustomAreaTester.swift in Sources */,
				4172BBB02E0A59940046C176 /* imageRotattion.swift in Sources */,
				4901C66C2AB4F65F00FBDBF4 /* ImmersiveView.swift in Sources */,
				4172BB9E2E088B4E0046C176 /* NavMeshGenerator.swift in Sources */,
				414DBD222E030B8700B3A142 /* GeometryTester.swift in Sources */,
				4901C67C2AB4F8A600FBDBF4 /* FakeRandom.swift in Sources */,
				4172BBB22E0B3FD80046C176 /* PathVisualizer.swift in Sources */,
			);
			runOnlyForDeploymentPostprocessing = 0;
		};
/* End PBXSourcesBuildPhase section */

/* Begin XCBuildConfiguration section */
		4901C6732AB4F66000FBDBF4 /* Debug */ = {
			isa = XCBuildConfiguration;
			buildSettings = {
				ALWAYS_SEARCH_USER_PATHS = NO;
				ASSETCATALOG_COMPILER_GENERATE_SWIFT_ASSET_SYMBOL_EXTENSIONS = YES;
				CLANG_ANALYZER_NONNULL = YES;
				CLANG_ANALYZER_NUMBER_OBJECT_CONVERSION = YES_AGGRESSIVE;
				CLANG_CXX_LANGUAGE_STANDARD = "gnu++20";
				CLANG_ENABLE_MODULES = YES;
				CLANG_ENABLE_OBJC_ARC = YES;
				CLANG_ENABLE_OBJC_WEAK = YES;
				CLANG_WARN_BLOCK_CAPTURE_AUTORELEASING = YES;
				CLANG_WARN_BOOL_CONVERSION = YES;
				CLANG_WARN_COMMA = YES;
				CLANG_WARN_CONSTANT_CONVERSION = YES;
				CLANG_WARN_DEPRECATED_OBJC_IMPLEMENTATIONS = YES;
				CLANG_WARN_DIRECT_OBJC_ISA_USAGE = YES_ERROR;
				CLANG_WARN_DOCUMENTATION_COMMENTS = YES;
				CLANG_WARN_EMPTY_BODY = YES;
				CLANG_WARN_ENUM_CONVERSION = YES;
				CLANG_WARN_INFINITE_RECURSION = YES;
				CLANG_WARN_INT_CONVERSION = YES;
				CLANG_WARN_NON_LITERAL_NULL_CONVERSION = YES;
				CLANG_WARN_OBJC_IMPLICIT_RETAIN_SELF = YES;
				CLANG_WARN_OBJC_LITERAL_CONVERSION = YES;
				CLANG_WARN_OBJC_ROOT_CLASS = YES_ERROR;
				CLANG_WARN_QUOTED_INCLUDE_IN_FRAMEWORK_HEADER = YES;
				CLANG_WARN_RANGE_LOOP_ANALYSIS = YES;
				CLANG_WARN_STRICT_PROTOTYPES = YES;
				CLANG_WARN_SUSPICIOUS_MOVE = YES;
				CLANG_WARN_UNGUARDED_AVAILABILITY = YES_AGGRESSIVE;
				CLANG_WARN_UNREACHABLE_CODE = YES;
				CLANG_WARN__DUPLICATE_METHOD_MATCH = YES;
				COPY_PHASE_STRIP = NO;
				DEBUG_INFORMATION_FORMAT = dwarf;
				ENABLE_STRICT_OBJC_MSGSEND = YES;
				ENABLE_TESTABILITY = YES;
				ENABLE_USER_SCRIPT_SANDBOXING = YES;
				GCC_C_LANGUAGE_STANDARD = gnu17;
				GCC_DYNAMIC_NO_PIC = NO;
				GCC_NO_COMMON_BLOCKS = YES;
				GCC_OPTIMIZATION_LEVEL = 0;
				GCC_PREPROCESSOR_DEFINITIONS = (
					"DEBUG=1",
					"$(inherited)",
				);
				GCC_WARN_64_TO_32_BIT_CONVERSION = YES;
				GCC_WARN_ABOUT_RETURN_TYPE = YES_ERROR;
				GCC_WARN_UNDECLARED_SELECTOR = YES;
				GCC_WARN_UNINITIALIZED_AUTOS = YES_AGGRESSIVE;
				GCC_WARN_UNUSED_FUNCTION = YES;
				GCC_WARN_UNUSED_VARIABLE = YES;
				LOCALIZATION_PREFERS_STRING_CATALOGS = YES;
				MTL_ENABLE_DEBUG_INFO = INCLUDE_SOURCE;
				MTL_FAST_MATH = YES;
				ONLY_ACTIVE_ARCH = YES;
				SDKROOT = xros;
				SWIFT_ACTIVE_COMPILATION_CONDITIONS = "DEBUG $(inherited)";
				SWIFT_OPTIMIZATION_LEVEL = "-Onone";
				XROS_DEPLOYMENT_TARGET = 1.0;
			};
			name = Debug;
		};
		4901C6742AB4F66000FBDBF4 /* Release */ = {
			isa = XCBuildConfiguration;
			buildSettings = {
				ALWAYS_SEARCH_USER_PATHS = NO;
				ASSETCATALOG_COMPILER_GENERATE_SWIFT_ASSET_SYMBOL_EXTENSIONS = YES;
				CLANG_ANALYZER_NONNULL = YES;
				CLANG_ANALYZER_NUMBER_OBJECT_CONVERSION = YES_AGGRESSIVE;
				CLANG_CXX_LANGUAGE_STANDARD = "gnu++20";
				CLANG_ENABLE_MODULES = YES;
				CLANG_ENABLE_OBJC_ARC = YES;
				CLANG_ENABLE_OBJC_WEAK = YES;
				CLANG_WARN_BLOCK_CAPTURE_AUTORELEASING = YES;
				CLANG_WARN_BOOL_CONVERSION = YES;
				CLANG_WARN_COMMA = YES;
				CLANG_WARN_CONSTANT_CONVERSION = YES;
				CLANG_WARN_DEPRECATED_OBJC_IMPLEMENTATIONS = YES;
				CLANG_WARN_DIRECT_OBJC_ISA_USAGE = YES_ERROR;
				CLANG_WARN_DOCUMENTATION_COMMENTS = YES;
				CLANG_WARN_EMPTY_BODY = YES;
				CLANG_WARN_ENUM_CONVERSION = YES;
				CLANG_WARN_INFINITE_RECURSION = YES;
				CLANG_WARN_INT_CONVERSION = YES;
				CLANG_WARN_NON_LITERAL_NULL_CONVERSION = YES;
				CLANG_WARN_OBJC_IMPLICIT_RETAIN_SELF = YES;
				CLANG_WARN_OBJC_LITERAL_CONVERSION = YES;
				CLANG_WARN_OBJC_ROOT_CLASS = YES_ERROR;
				CLANG_WARN_QUOTED_INCLUDE_IN_FRAMEWORK_HEADER = YES;
				CLANG_WARN_RANGE_LOOP_ANALYSIS = YES;
				CLANG_WARN_STRICT_PROTOTYPES = YES;
				CLANG_WARN_SUSPICIOUS_MOVE = YES;
				CLANG_WARN_UNGUARDED_AVAILABILITY = YES_AGGRESSIVE;
				CLANG_WARN_UNREACHABLE_CODE = YES;
				CLANG_WARN__DUPLICATE_METHOD_MATCH = YES;
				COPY_PHASE_STRIP = NO;
				DEBUG_INFORMATION_FORMAT = "dwarf-with-dsym";
				ENABLE_NS_ASSERTIONS = NO;
				ENABLE_STRICT_OBJC_MSGSEND = YES;
				ENABLE_USER_SCRIPT_SANDBOXING = YES;
				GCC_C_LANGUAGE_STANDARD = gnu17;
				GCC_NO_COMMON_BLOCKS = YES;
				GCC_WARN_64_TO_32_BIT_CONVERSION = YES;
				GCC_WARN_ABOUT_RETURN_TYPE = YES_ERROR;
				GCC_WARN_UNDECLARED_SELECTOR = YES;
				GCC_WARN_UNINITIALIZED_AUTOS = YES_AGGRESSIVE;
				GCC_WARN_UNUSED_FUNCTION = YES;
				GCC_WARN_UNUSED_VARIABLE = YES;
				LOCALIZATION_PREFERS_STRING_CATALOGS = YES;
				MTL_ENABLE_DEBUG_INFO = NO;
				MTL_FAST_MATH = YES;
				SDKROOT = xros;
				SWIFT_COMPILATION_MODE = wholemodule;
				VALIDATE_PRODUCT = YES;
				XROS_DEPLOYMENT_TARGET = 1.0;
			};
			name = Release;
		};
		4901C6762AB4F66000FBDBF4 /* Debug */ = {
			isa = XCBuildConfiguration;
			buildSettings = {
				ASSETCATALOG_COMPILER_APPICON_NAME = AppIcon;
				ASSETCATALOG_COMPILER_GLOBAL_ACCENT_COLOR_NAME = AccentColor;
				CODE_SIGN_STYLE = Automatic;
				CURRENT_PROJECT_VERSION = 1;
				DEVELOPMENT_ASSET_PATHS = "\"NavMeshDemo/Preview Content\"";
				DEVELOPMENT_TEAM = QVJVG7RWCN;
				ENABLE_PREVIEWS = YES;
				GENERATE_INFOPLIST_FILE = YES;
				INFOPLIST_FILE = "$(TARGET_NAME)/Info.plist";
				LD_RUNPATH_SEARCH_PATHS = (
					"$(inherited)",
					"@executable_path/Frameworks",
				);
				MARKETING_VERSION = 1.0;
				PRODUCT_BUNDLE_IDENTIFIER = org.tirania.NavMeshDemo;
				PRODUCT_NAME = "$(TARGET_NAME)";
				SUPPORTED_PLATFORMS = "xros xrsimulator";
				SWIFT_EMIT_LOC_STRINGS = YES;
				SWIFT_OBJC_INTEROP_MODE = objcxx;
				SWIFT_VERSION = 5.0;
				TARGETED_DEVICE_FAMILY = "1,2,7";
				XROS_DEPLOYMENT_TARGET = 2.0;
			};
			name = Debug;
		};
		4901C6772AB4F66000FBDBF4 /* Release */ = {
			isa = XCBuildConfiguration;
			buildSettings = {
				ASSETCATALOG_COMPILER_APPICON_NAME = AppIcon;
				ASSETCATALOG_COMPILER_GLOBAL_ACCENT_COLOR_NAME = AccentColor;
				CODE_SIGN_STYLE = Automatic;
				CURRENT_PROJECT_VERSION = 1;
				DEVELOPMENT_ASSET_PATHS = "\"NavMeshDemo/Preview Content\"";
				DEVELOPMENT_TEAM = QVJVG7RWCN;
				ENABLE_PREVIEWS = YES;
				GENERATE_INFOPLIST_FILE = YES;
				INFOPLIST_FILE = "$(TARGET_NAME)/Info.plist";
				LD_RUNPATH_SEARCH_PATHS = (
					"$(inherited)",
					"@executable_path/Frameworks",
				);
				MARKETING_VERSION = 1.0;
				PRODUCT_BUNDLE_IDENTIFIER = org.tirania.NavMeshDemo;
				PRODUCT_NAME = "$(TARGET_NAME)";
				SUPPORTED_PLATFORMS = "xros xrsimulator";
				SWIFT_EMIT_LOC_STRINGS = YES;
				SWIFT_OBJC_INTEROP_MODE = objcxx;
				SWIFT_VERSION = 5.0;
				TARGETED_DEVICE_FAMILY = "1,2,7";
				XROS_DEPLOYMENT_TARGET = 2.0;
			};
			name = Release;
		};
/* End XCBuildConfiguration section */

/* Begin XCConfigurationList section */
		4901C65B2AB4F65F00FBDBF4 /* Build configuration list for PBXProject "NavMeshDemo" */ = {
			isa = XCConfigurationList;
			buildConfigurations = (
				4901C6732AB4F66000FBDBF4 /* Debug */,
				4901C6742AB4F66000FBDBF4 /* Release */,
			);
			defaultConfigurationIsVisible = 0;
			defaultConfigurationName = Release;
		};
		4901C6752AB4F66000FBDBF4 /* Build configuration list for PBXNativeTarget "NavMeshDemo" */ = {
			isa = XCConfigurationList;
			buildConfigurations = (
				4901C6762AB4F66000FBDBF4 /* Debug */,
				4901C6772AB4F66000FBDBF4 /* Release */,
			);
			defaultConfigurationIsVisible = 0;
			defaultConfigurationName = Release;
		};
/* End XCConfigurationList section */

/* Begin XCLocalSwiftPackageReference section */
		4172BB912E0724FA0046C176 /* XCLocalSwiftPackageReference "../../NexTaleLibraries/SwiftNavigation" */ = {
			isa = XCLocalSwiftPackageReference;
			relativePath = ../../NexTaleLibraries/SwiftNavigation;
		};
/* End XCLocalSwiftPackageReference section */

/* Begin XCSwiftPackageProductDependency section */
		4172BB922E0724FA0046C176 /* SwiftNavigation */ = {
			isa = XCSwiftPackageProductDependency;
			productName = SwiftNavigation;
		};
		4901C6652AB4F65F00FBDBF4 /* RealityKitContent */ = {
			isa = XCSwiftPackageProductDependency;
			productName = RealityKitContent;
		};
/* End XCSwiftPackageProductDependency section */
	};
	rootObject = 4901C6582AB4F65F00FBDBF4 /* Project object */;
}
